
Microsoft Visual Studio Solution File, Format Version 12.00
# Visual Studio Version 17
VisualStudioVersion = 17.1.32210.238
MinimumVisualStudioVersion = 10.0.40219.1
Project("{FAE04EC0-301F-11D3-BF4B-00C04F79EFBC}") = "GameDemo", "GameDemo.csproj", "{821AE9BD-61C2-448E-A039-31EBB0F0892B}"
EndProject
Global
	GlobalSection(SolutionConfigurationPlatforms) = preSolution
		Debug|Any CPU = Debug|Any CPU
		Release|Any CPU = Release|Any CPU
	EndGlobalSection
	GlobalSection(ProjectConfigurationPlatforms) = postSolution
		{821AE9BD-61C2-448E-A039-31EBB0F0892B}.Debug|Any CPU.ActiveCfg = Debug|Any CPU
		{821AE9BD-61C2-448E-A039-31EBB0F0892B}.Debug|Any CPU.Build.0 = Debug|Any CPU
		{821AE9BD-61C2-448E-A039-31EBB0F0892B}.Release|Any CPU.ActiveCfg = Release|Any CPU
		{821AE9BD-61C2-448E-A039-31EBB0F0892B}.Release|Any CPU.Build.0 = Release|Any CPU
	EndGlobalSection
	GlobalSection(SolutionProperties) = preSolution
		HideSolutionNode = FALSE
	EndGlobalSection
	GlobalSection(ExtensibilityGlobals) = postSolution
		SolutionGuid = {7DFE95F9-4712-4868-9A4B-D1395F273D31}
	EndGlobalSection
EndGlobal
